
Microsoft Visual Studio Solution File, Format Version 12.00
# Visual Studio Version 17
VisualStudioVersion = 17.14.36429.23 d17.14
MinimumVisualStudioVersion = 10.0.40219.1
Project("{FAE04EC0-301F-11D3-BF4B-00C04F79EFBC}") = "SpringBackend", "SpringBackend\SpringBackend.csproj", "{152F488B-3E99-4B11-B894-88F9389BBF3F}"
EndProject
Global
	GlobalSection(SolutionConfigurationPlatforms) = preSolution
		Debug|Any CPU = Debug|Any CPU
		Release|Any CPU = Release|Any CPU
	EndGlobalSection
	GlobalSection(ProjectConfigurationPlatforms) = postSolution
		{152F488B-3E99-4B11-B894-88F9389BBF3F}.Debug|Any CPU.ActiveCfg = Debug|Any CPU
		{152F488B-3E99-4B11-B894-88F9389BBF3F}.Debug|Any CPU.Build.0 = Debug|Any CPU
		{152F488B-3E99-4B11-B894-88F9389BBF3F}.Release|Any CPU.ActiveCfg = Release|Any CPU
		{152F488B-3E99-4B11-B894-88F9389BBF3F}.Release|Any CPU.Build.0 = Release|Any CPU
	EndGlobalSection
	GlobalSection(SolutionProperties) = preSolution
		HideSolutionNode = FALSE
	EndGlobalSection
	GlobalSection(ExtensibilityGlobals) = postSolution
		SolutionGuid = {8CAA60DF-562E-483C-A5AC-58CDA3F4D27E}
	EndGlobalSection
EndGlobal
